
Microsoft Visual Studio Solution File, Format Version 12.00
# Visual Studio Version 16
VisualStudioVersion = 16.0.31702.278
MinimumVisualStudioVersion = 10.0.40219.1
Project("{9A19103F-16F7-4668-BE54-9A1E7A4F7556}") = "ConsoleApp2", "ConsoleApp2\ConsoleApp2.csproj", "{AD44B8FA-A375-4099-BB5F-1D457A48B2C2}"
EndProject
Project("{FAE04EC0-301F-11D3-BF4B-00C04F79EFBC}") = "ConsoleApp1", "ConsoleApp1\ConsoleApp1.csproj", "{F5F75368-31EF-4555-97EA-3A5053557D4C}"
EndProject
Project("{FAE04EC0-301F-11D3-BF4B-00C04F79EFBC}") = "ConsoleApp3", "ConsoleApp3\ConsoleApp3.csproj", "{E4B03526-4D73-4CF1-8A42-52D92A483F60}"
EndProject
Global
	GlobalSection(SolutionConfigurationPlatforms) = preSolution
		Debug|Any CPU = Debug|Any CPU
		Release|Any CPU = Release|Any CPU
	EndGlobalSection
	GlobalSection(ProjectConfigurationPlatforms) = postSolution
		{AD44B8FA-A375-4099-BB5F-1D457A48B2C2}.Debug|Any CPU.ActiveCfg = Debug|Any CPU
		{AD44B8FA-A375-4099-BB5F-1D457A48B2C2}.Debug|Any CPU.Build.0 = Debug|Any CPU
		{AD44B8FA-A375-4099-BB5F-1D457A48B2C2}.Release|Any CPU.ActiveCfg = Release|Any CPU
		{AD44B8FA-A375-4099-BB5F-1D457A48B2C2}.Release|Any CPU.Build.0 = Release|Any CPU
		{F5F75368-31EF-4555-97EA-3A5053557D4C}.Debug|Any CPU.ActiveCfg = Debug|Any CPU
		{F5F75368-31EF-4555-97EA-3A5053557D4C}.Debug|Any CPU.Build.0 = Debug|Any CPU
		{F5F75368-31EF-4555-97EA-3A5053557D4C}.Release|Any CPU.ActiveCfg = Release|Any CPU
		{F5F75368-31EF-4555-97EA-3A5053557D4C}.Release|Any CPU.Build.0 = Release|Any CPU
		{E4B03526-4D73-4CF1-8A42-52D92A483F60}.Debug|Any CPU.ActiveCfg = Debug|Any CPU
		{E4B03526-4D73-4CF1-8A42-52D92A483F60}.Debug|Any CPU.Build.0 = Debug|Any CPU
		{E4B03526-4D73-4CF1-8A42-52D92A483F60}.Release|Any CPU.ActiveCfg = Release|Any CPU
		{E4B03526-4D73-4CF1-8A42-52D92A483F60}.Release|Any CPU.Build.0 = Release|Any CPU
	EndGlobalSection
	GlobalSection(SolutionProperties) = preSolution
		HideSolutionNode = FALSE
	EndGlobalSection
	GlobalSection(ExtensibilityGlobals) = postSolution
		SolutionGuid = {6D5FC0F8-E520-470A-9593-8F579BE35A45}
	EndGlobalSection
EndGlobal
